
Microsoft Visual Studio Solution File, Format Version 12.00
# Visual Studio Version 17
VisualStudioVersion = 17.14.36109.1 d17.14
MinimumVisualStudioVersion = 10.0.40219.1
Project("{FAE04EC0-301F-11D3-BF4B-00C04F79EFBC}") = "AIFlow.Cli", "AIFlow.Cli.csproj", "{7088EB65-2B77-538B-0C3F-875F649356CA}"
EndProject
Global
	GlobalSection(SolutionConfigurationPlatforms) = preSolution
		Debug|Any CPU = Debug|Any CPU
		Release|Any CPU = Release|Any CPU
	EndGlobalSection
	GlobalSection(ProjectConfigurationPlatforms) = postSolution
		{7088EB65-2B77-538B-0C3F-875F649356CA}.Debug|Any CPU.ActiveCfg = Debug|Any CPU
		{7088EB65-2B77-538B-0C3F-875F649356CA}.Debug|Any CPU.Build.0 = Debug|Any CPU
		{7088EB65-2B77-538B-0C3F-875F649356CA}.Release|Any CPU.ActiveCfg = Release|Any CPU
		{7088EB65-2B77-538B-0C3F-875F649356CA}.Release|Any CPU.Build.0 = Release|Any CPU
	EndGlobalSection
	GlobalSection(SolutionProperties) = preSolution
		HideSolutionNode = FALSE
	EndGlobalSection
	GlobalSection(ExtensibilityGlobals) = postSolution
		SolutionGuid = {7AD08677-92C3-4ED3-997F-3942FC5D0C19}
	EndGlobalSection
EndGlobal
